// !$*UTF8*$!
{
	archiveVersion = 1;
	classes = {
	};
	objectVersion = 50;
	objects = {

/* Begin PBXBuildFile section */
		1B39907E268749F20022C202 /* PhotosCell.swift in Sources */ = {isa = PBXBuildFile; fileRef = 1B39907D268749F20022C202 /* PhotosCell.swift */; };
		1B39908126876FEC0022C202 /* AlbumsModel.swift in Sources */ = {isa = PBXBuildFile; fileRef = 1B39908026876FEC0022C202 /* AlbumsModel.swift */; };
		1BC5CA9A268897D90062D48E /* PhotosModel.swift in Sources */ = {isa = PBXBuildFile; fileRef = 1BC5CA99268897D90062D48E /* PhotosModel.swift */; };
		1BC5CAAB2688B6840062D48E /* PhotosDelegate+DataSource.swift in Sources */ = {isa = PBXBuildFile; fileRef = 1BC5CAAA2688B6840062D48E /* PhotosDelegate+DataSource.swift */; };
		1BC5CAAE2688B7680062D48E /* Extensions.swift in Sources */ = {isa = PBXBuildFile; fileRef = 1BC5CAAD2688B7680062D48E /* Extensions.swift */; };
		1BC5CAB42688B95C0062D48E /* CustomLabel.swift in Sources */ = {isa = PBXBuildFile; fileRef = 1BC5CAB32688B95C0062D48E /* CustomLabel.swift */; };
		1BC5CAB72688BDCA0062D48E /* PhotosCellModel.swift in Sources */ = {isa = PBXBuildFile; fileRef = 1BC5CAB62688BDCA0062D48E /* PhotosCellModel.swift */; };
		1BE268FB2683A2CA00144192 /* AppDelegate.swift in Sources */ = {isa = PBXBuildFile; fileRef = 1BE268FA2683A2CA00144192 /* AppDelegate.swift */; };
		1BE268FD2683A2CA00144192 /* SceneDelegate.swift in Sources */ = {isa = PBXBuildFile; fileRef = 1BE268FC2683A2CA00144192 /* SceneDelegate.swift */; };
		1BE269022683A2CA00144192 /* Main.storyboard in Resources */ = {isa = PBXBuildFile; fileRef = 1BE269002683A2CA00144192 /* Main.storyboard */; };
		1BE269042683A2CB00144192 /* Assets.xcassets in Resources */ = {isa = PBXBuildFile; fileRef = 1BE269032683A2CB00144192 /* Assets.xcassets */; };
		1BE269072683A2CB00144192 /* LaunchScreen.storyboard in Resources */ = {isa = PBXBuildFile; fileRef = 1BE269052683A2CB00144192 /* LaunchScreen.storyboard */; };
		1BE269102683A33700144192 /* UsersViewController.swift in Sources */ = {isa = PBXBuildFile; fileRef = 1BE2690F2683A33700144192 /* UsersViewController.swift */; };
		1BE269132683A35C00144192 /* UsersView.swift in Sources */ = {isa = PBXBuildFile; fileRef = 1BE269122683A35C00144192 /* UsersView.swift */; };
		1BE269192683A7C100144192 /* NavPanel.swift in Sources */ = {isa = PBXBuildFile; fileRef = 1BE269182683A7C100144192 /* NavPanel.swift */; };
		1BE2691E26848B4800144192 /* PhotosView.swift in Sources */ = {isa = PBXBuildFile; fileRef = 1BE2691D26848B4800144192 /* PhotosView.swift */; };
		1BE2692126848B6200144192 /* PhotosViewController.swift in Sources */ = {isa = PBXBuildFile; fileRef = 1BE2692026848B6200144192 /* PhotosViewController.swift */; };
		1BE269272684933F00144192 /* DataFetcher.swift in Sources */ = {isa = PBXBuildFile; fileRef = 1BE269262684933F00144192 /* DataFetcher.swift */; };
		1BE2692C268498F900144192 /* UserModel.swift in Sources */ = {isa = PBXBuildFile; fileRef = 1BE2692B268498F900144192 /* UserModel.swift */; };
/* End PBXBuildFile section */

/* Begin PBXFileReference section */
		1B39907D268749F20022C202 /* PhotosCell.swift */ = {isa = PBXFileReference; lastKnownFileType = sourcecode.swift; path = PhotosCell.swift; sourceTree = "<group>"; };
		1B39908026876FEC0022C202 /* AlbumsModel.swift */ = {isa = PBXFileReference; lastKnownFileType = sourcecode.swift; path = AlbumsModel.swift; sourceTree = "<group>"; };
		1BC5CA99268897D90062D48E /* PhotosModel.swift */ = {isa = PBXFileReference; lastKnownFileType = sourcecode.swift; path = PhotosModel.swift; sourceTree = "<group>"; };
		1BC5CAAA2688B6840062D48E /* PhotosDelegate+DataSource.swift */ = {isa = PBXFileReference; lastKnownFileType = sourcecode.swift; path = "PhotosDelegate+DataSource.swift"; sourceTree = "<group>"; };
		1BC5CAAD2688B7680062D48E /* Extensions.swift */ = {isa = PBXFileReference; lastKnownFileType = sourcecode.swift; path = Extensions.swift; sourceTree = "<group>"; };
		1BC5CAB32688B95C0062D48E /* CustomLabel.swift */ = {isa = PBXFileReference; lastKnownFileType = sourcecode.swift; path = CustomLabel.swift; sourceTree = "<group>"; };
		1BC5CAB62688BDCA0062D48E /* PhotosCellModel.swift */ = {isa = PBXFileReference; lastKnownFileType = sourcecode.swift; path = PhotosCellModel.swift; sourceTree = "<group>"; };
		1BE268F72683A2CA00144192 /* GORA-TestApp.app */ = {isa = PBXFileReference; explicitFileType = wrapper.application; includeInIndex = 0; path = "GORA-TestApp.app"; sourceTree = BUILT_PRODUCTS_DIR; };
		1BE268FA2683A2CA00144192 /* AppDelegate.swift */ = {isa = PBXFileReference; lastKnownFileType = sourcecode.swift; path = AppDelegate.swift; sourceTree = "<group>"; };
		1BE268FC2683A2CA00144192 /* SceneDelegate.swift */ = {isa = PBXFileReference; lastKnownFileType = sourcecode.swift; path = SceneDelegate.swift; sourceTree = "<group>"; };
		1BE269012683A2CA00144192 /* Base */ = {isa = PBXFileReference; lastKnownFileType = file.storyboard; name = Base; path = Base.lproj/Main.storyboard; sourceTree = "<group>"; };
		1BE269032683A2CB00144192 /* Assets.xcassets */ = {isa = PBXFileReference; lastKnownFileType = folder.assetcatalog; path = Assets.xcassets; sourceTree = "<group>"; };
		1BE269062683A2CB00144192 /* Base */ = {isa = PBXFileReference; lastKnownFileType = file.storyboard; name = Base; path = Base.lproj/LaunchScreen.storyboard; sourceTree = "<group>"; };
		1BE269082683A2CB00144192 /* Info.plist */ = {isa = PBXFileReference; lastKnownFileType = text.plist.xml; path = Info.plist; sourceTree = "<group>"; };
		1BE2690F2683A33700144192 /* UsersViewController.swift */ = {isa = PBXFileReference; lastKnownFileType = sourcecode.swift; path = UsersViewController.swift; sourceTree = "<group>"; };
		1BE269122683A35C00144192 /* UsersView.swift */ = {isa = PBXFileReference; lastKnownFileType = sourcecode.swift; path = UsersView.swift; sourceTree = "<group>"; };
		1BE269182683A7C100144192 /* NavPanel.swift */ = {isa = PBXFileReference; lastKnownFileType = sourcecode.swift; path = NavPanel.swift; sourceTree = "<group>"; };
		1BE2691D26848B4800144192 /* PhotosView.swift */ = {isa = PBXFileReference; lastKnownFileType = sourcecode.swift; path = PhotosView.swift; sourceTree = "<group>"; };
		1BE2692026848B6200144192 /* PhotosViewController.swift */ = {isa = PBXFileReference; lastKnownFileType = sourcecode.swift; path = PhotosViewController.swift; sourceTree = "<group>"; };
		1BE269262684933F00144192 /* DataFetcher.swift */ = {isa = PBXFileReference; lastKnownFileType = sourcecode.swift; path = DataFetcher.swift; sourceTree = "<group>"; };
		1BE2692B268498F900144192 /* UserModel.swift */ = {isa = PBXFileReference; lastKnownFileType = sourcecode.swift; path = UserModel.swift; sourceTree = "<group>"; };
/* End PBXFileReference section */

/* Begin PBXFrameworksBuildPhase section */
		1BE268F42683A2CA00144192 /* Frameworks */ = {
			isa = PBXFrameworksBuildPhase;
			buildActionMask = 2147483647;
			files = (
			);
			runOnlyForDeploymentPostprocessing = 0;
		};
/* End PBXFrameworksBuildPhase section */

/* Begin PBXGroup section */
		1BC5CA9C2688981D0062D48E /* Models */ = {
			isa = PBXGroup;
			children = (
				1B39908026876FEC0022C202 /* AlbumsModel.swift */,
				1BC5CA99268897D90062D48E /* PhotosModel.swift */,
				1BC5CAB62688BDCA0062D48E /* PhotosCellModel.swift */,
			);
			path = Models;
			sourceTree = "<group>";
		};
		1BC5CA9E268898250062D48E /* Views */ = {
			isa = PBXGroup;
			children = (
				1BE2691D26848B4800144192 /* PhotosView.swift */,
				1B39907D268749F20022C202 /* PhotosCell.swift */,
				1BC5CAB32688B95C0062D48E /* CustomLabel.swift */,
			);
			path = Views;
			sourceTree = "<group>";
		};
		1BC5CAA02688982B0062D48E /* Controller */ = {
			isa = PBXGroup;
			children = (
				1BE2692026848B6200144192 /* PhotosViewController.swift */,
				1BC5CAAA2688B6840062D48E /* PhotosDelegate+DataSource.swift */,
			);
			path = Controller;
			sourceTree = "<group>";
		};
		1BC5CAA2268898A30062D48E /* Models */ = {
			isa = PBXGroup;
			children = (
				1BE2692B268498F900144192 /* UserModel.swift */,
			);
			path = Models;
			sourceTree = "<group>";
		};
		1BC5CAA4268898AA0062D48E /* Views */ = {
			isa = PBXGroup;
			children = (
				1BE269122683A35C00144192 /* UsersView.swift */,
			);
			path = Views;
			sourceTree = "<group>";
		};
		1BC5CAA6268898B00062D48E /* Controller */ = {
			isa = PBXGroup;
			children = (
				1BE2690F2683A33700144192 /* UsersViewController.swift */,
			);
			path = Controller;
			sourceTree = "<group>";
		};
		1BC5CAB02688B77A0062D48E /* Extensions */ = {
			isa = PBXGroup;
			children = (
				1BC5CAAD2688B7680062D48E /* Extensions.swift */,
			);
			path = Extensions;
			sourceTree = "<group>";
		};
		1BE268EE2683A2CA00144192 = {
			isa = PBXGroup;
			children = (
				1BE268F92683A2CA00144192 /* GORA-TestApp */,
				1BE268F82683A2CA00144192 /* Products */,
			);
			sourceTree = "<group>";
		};
		1BE268F82683A2CA00144192 /* Products */ = {
			isa = PBXGroup;
			children = (
				1BE268F72683A2CA00144192 /* GORA-TestApp.app */,
			);
			name = Products;
			sourceTree = "<group>";
		};
		1BE268F92683A2CA00144192 /* GORA-TestApp */ = {
			isa = PBXGroup;
			children = (
				1BE268FA2683A2CA00144192 /* AppDelegate.swift */,
				1BE268FC2683A2CA00144192 /* SceneDelegate.swift */,
				1BE269152683A36200144192 /* Users */,
				1BE2692326848B6700144192 /* Photos */,
				1BE269292684959B00144192 /* Services */,
				1BE269172683A5A400144192 /* Views */,
				1BC5CAB02688B77A0062D48E /* Extensions */,
				1BE269032683A2CB00144192 /* Assets.xcassets */,
				1BE269082683A2CB00144192 /* Info.plist */,
			);
			path = "GORA-TestApp";
			sourceTree = "<group>";
		};
		1BE269152683A36200144192 /* Users */ = {
			isa = PBXGroup;
			children = (
				1BC5CAA6268898B00062D48E /* Controller */,
				1BC5CAA4268898AA0062D48E /* Views */,
				1BC5CAA2268898A30062D48E /* Models */,
			);
			path = Users;
			sourceTree = "<group>";
		};
		1BE269172683A5A400144192 /* Views */ = {
			isa = PBXGroup;
			children = (
				1BE2691B2683A7C900144192 /* NavPanel */,
				1BE269002683A2CA00144192 /* Main.storyboard */,
				1BE269052683A2CB00144192 /* LaunchScreen.storyboard */,
			);
			path = Views;
			sourceTree = "<group>";
		};
		1BE2691B2683A7C900144192 /* NavPanel */ = {
			isa = PBXGroup;
			children = (
				1BE269182683A7C100144192 /* NavPanel.swift */,
			);
			path = NavPanel;
			sourceTree = "<group>";
		};
		1BE2692326848B6700144192 /* Photos */ = {
			isa = PBXGroup;
			children = (
				1BC5CAA02688982B0062D48E /* Controller */,
				1BC5CA9E268898250062D48E /* Views */,
				1BC5CA9C2688981D0062D48E /* Models */,
			);
			path = Photos;
			sourceTree = "<group>";
		};
		1BE269292684959B00144192 /* Services */ = {
			isa = PBXGroup;
			children = (
				1BE269262684933F00144192 /* DataFetcher.swift */,
			);
			path = Services;
			sourceTree = "<group>";
		};
/* End PBXGroup section */

/* Begin PBXNativeTarget section */
		1BE268F62683A2CA00144192 /* GORA-TestApp */ = {
			isa = PBXNativeTarget;
			buildConfigurationList = 1BE2690B2683A2CB00144192 /* Build configuration list for PBXNativeTarget "GORA-TestApp" */;
			buildPhases = (
				1BE268F32683A2CA00144192 /* Sources */,
				1BE268F42683A2CA00144192 /* Frameworks */,
				1BE268F52683A2CA00144192 /* Resources */,
			);
			buildRules = (
			);
			dependencies = (
			);
			name = "GORA-TestApp";
			productName = "GORA-TestApp";
			productReference = 1BE268F72683A2CA00144192 /* GORA-TestApp.app */;
			productType = "com.apple.product-type.application";
		};
/* End PBXNativeTarget section */

/* Begin PBXProject section */
		1BE268EF2683A2CA00144192 /* Project object */ = {
			isa = PBXProject;
			attributes = {
				LastSwiftUpdateCheck = 1240;
				LastUpgradeCheck = 1240;
				TargetAttributes = {
					1BE268F62683A2CA00144192 = {
						CreatedOnToolsVersion = 12.4;
					};
				};
			};
			buildConfigurationList = 1BE268F22683A2CA00144192 /* Build configuration list for PBXProject "GORA-TestApp" */;
			compatibilityVersion = "Xcode 9.3";
			developmentRegion = en;
			hasScannedForEncodings = 0;
			knownRegions = (
				en,
				Base,
			);
			mainGroup = 1BE268EE2683A2CA00144192;
			productRefGroup = 1BE268F82683A2CA00144192 /* Products */;
			projectDirPath = "";
			projectRoot = "";
			targets = (
				1BE268F62683A2CA00144192 /* GORA-TestApp */,
			);
		};
/* End PBXProject section */

/* Begin PBXResourcesBuildPhase section */
		1BE268F52683A2CA00144192 /* Resources */ = {
			isa = PBXResourcesBuildPhase;
			buildActionMask = 2147483647;
			files = (
				1BE269072683A2CB00144192 /* LaunchScreen.storyboard in Resources */,
				1BE269042683A2CB00144192 /* Assets.xcassets in Resources */,
				1BE269022683A2CA00144192 /* Main.storyboard in Resources */,
			);
			runOnlyForDeploymentPostprocessing = 0;
		};
/* End PBXResourcesBuildPhase section */

/* Begin PBXSourcesBuildPhase section */
		1BE268F32683A2CA00144192 /* Sources */ = {
			isa = PBXSourcesBuildPhase;
			buildActionMask = 2147483647;
			files = (
				1BE269132683A35C00144192 /* UsersView.swift in Sources */,
				1BC5CAB42688B95C0062D48E /* CustomLabel.swift in Sources */,
				1B39908126876FEC0022C202 /* AlbumsModel.swift in Sources */,
				1BC5CA9A268897D90062D48E /* PhotosModel.swift in Sources */,
				1BE269102683A33700144192 /* UsersViewController.swift in Sources */,
				1BE268FB2683A2CA00144192 /* AppDelegate.swift in Sources */,
				1BE269192683A7C100144192 /* NavPanel.swift in Sources */,
				1BE2692126848B6200144192 /* PhotosViewController.swift in Sources */,
				1BE268FD2683A2CA00144192 /* SceneDelegate.swift in Sources */,
				1BE2691E26848B4800144192 /* PhotosView.swift in Sources */,
				1BE269272684933F00144192 /* DataFetcher.swift in Sources */,
				1B39907E268749F20022C202 /* PhotosCell.swift in Sources */,
				1BE2692C268498F900144192 /* UserModel.swift in Sources */,
				1BC5CAAB2688B6840062D48E /* PhotosDelegate+DataSource.swift in Sources */,
				1BC5CAB72688BDCA0062D48E /* PhotosCellModel.swift in Sources */,
				1BC5CAAE2688B7680062D48E /* Extensions.swift in Sources */,
			);
			runOnlyForDeploymentPostprocessing = 0;
		};
/* End PBXSourcesBuildPhase section */

/* Begin PBXVariantGroup section */
		1BE269002683A2CA00144192 /* Main.storyboard */ = {
			isa = PBXVariantGroup;
			children = (
				1BE269012683A2CA00144192 /* Base */,
			);
			name = Main.storyboard;
			sourceTree = "<group>";
		};
		1BE269052683A2CB00144192 /* LaunchScreen.storyboard */ = {
			isa = PBXVariantGroup;
			children = (
				1BE269062683A2CB00144192 /* Base */,
			);
			name = LaunchScreen.storyboard;
			sourceTree = "<group>";
		};
/* End PBXVariantGroup section */

/* Begin XCBuildConfiguration section */
		1BE269092683A2CB00144192 /* Debug */ = {
			isa = XCBuildConfiguration;
			buildSettings = {
				ALWAYS_SEARCH_USER_PATHS = NO;
				CLANG_ANALYZER_NONNULL = YES;
				CLANG_ANALYZER_NUMBER_OBJECT_CONVERSION = YES_AGGRESSIVE;
				CLANG_CXX_LANGUAGE_STANDARD = "gnu++14";
				CLANG_CXX_LIBRARY = "libc++";
				CLANG_ENABLE_MODULES = YES;
				CLANG_ENABLE_OBJC_ARC = YES;
				CLANG_ENABLE_OBJC_WEAK = YES;
				CLANG_WARN_BLOCK_CAPTURE_AUTORELEASING = YES;
				CLANG_WARN_BOOL_CONVERSION = YES;
				CLANG_WARN_COMMA = YES;
				CLANG_WARN_CONSTANT_CONVERSION = YES;
				CLANG_WARN_DEPRECATED_OBJC_IMPLEMENTATIONS = YES;
				CLANG_WARN_DIRECT_OBJC_ISA_USAGE = YES_ERROR;
				CLANG_WARN_DOCUMENTATION_COMMENTS = YES;
				CLANG_WARN_EMPTY_BODY = YES;
				CLANG_WARN_ENUM_CONVERSION = YES;
				CLANG_WARN_INFINITE_RECURSION = YES;
				CLANG_WARN_INT_CONVERSION = YES;
				CLANG_WARN_NON_LITERAL_NULL_CONVERSION = YES;
				CLANG_WARN_OBJC_IMPLICIT_RETAIN_SELF = YES;
				CLANG_WARN_OBJC_LITERAL_CONVERSION = YES;
				CLANG_WARN_OBJC_ROOT_CLASS = YES_ERROR;
				CLANG_WARN_QUOTED_INCLUDE_IN_FRAMEWORK_HEADER = YES;
				CLANG_WARN_RANGE_LOOP_ANALYSIS = YES;
				CLANG_WARN_STRICT_PROTOTYPES = YES;
				CLANG_WARN_SUSPICIOUS_MOVE = YES;
				CLANG_WARN_UNGUARDED_AVAILABILITY = YES_AGGRESSIVE;
				CLANG_WARN_UNREACHABLE_CODE = YES;
				CLANG_WARN__DUPLICATE_METHOD_MATCH = YES;
				COPY_PHASE_STRIP = NO;
				DEBUG_INFORMATION_FORMAT = dwarf;
				ENABLE_STRICT_OBJC_MSGSEND = YES;
				ENABLE_TESTABILITY = YES;
				GCC_C_LANGUAGE_STANDARD = gnu11;
				GCC_DYNAMIC_NO_PIC = NO;
				GCC_NO_COMMON_BLOCKS = YES;
				GCC_OPTIMIZATION_LEVEL = 0;
				GCC_PREPROCESSOR_DEFINITIONS = (
					"DEBUG=1",
					"$(inherited)",
				);
				GCC_WARN_64_TO_32_BIT_CONVERSION = YES;
				GCC_WARN_ABOUT_RETURN_TYPE = YES_ERROR;
				GCC_WARN_UNDECLARED_SELECTOR = YES;
				GCC_WARN_UNINITIALIZED_AUTOS = YES_AGGRESSIVE;
				GCC_WARN_UNUSED_FUNCTION = YES;
				GCC_WARN_UNUSED_VARIABLE = YES;
				IPHONEOS_DEPLOYMENT_TARGET = 14.4;
				MTL_ENABLE_DEBUG_INFO = INCLUDE_SOURCE;
				MTL_FAST_MATH = YES;
				ONLY_ACTIVE_ARCH = YES;
				SDKROOT = iphoneos;
				SWIFT_ACTIVE_COMPILATION_CONDITIONS = DEBUG;
				SWIFT_OPTIMIZATION_LEVEL = "-Onone";
			};
			name = Debug;
		};
		1BE2690A2683A2CB00144192 /* Release */ = {
			isa = XCBuildConfiguration;
			buildSettings = {
				ALWAYS_SEARCH_USER_PATHS = NO;
				CLANG_ANALYZER_NONNULL = YES;
				CLANG_ANALYZER_NUMBER_OBJECT_CONVERSION = YES_AGGRESSIVE;
				CLANG_CXX_LANGUAGE_STANDARD = "gnu++14";
				CLANG_CXX_LIBRARY = "libc++";
				CLANG_ENABLE_MODULES = YES;
				CLANG_ENABLE_OBJC_ARC = YES;
				CLANG_ENABLE_OBJC_WEAK = YES;
				CLANG_WARN_BLOCK_CAPTURE_AUTORELEASING = YES;
				CLANG_WARN_BOOL_CONVERSION = YES;
				CLANG_WARN_COMMA = YES;
				CLANG_WARN_CONSTANT_CONVERSION = YES;
				CLANG_WARN_DEPRECATED_OBJC_IMPLEMENTATIONS = YES;
				CLANG_WARN_DIRECT_OBJC_ISA_USAGE = YES_ERROR;
				CLANG_WARN_DOCUMENTATION_COMMENTS = YES;
				CLANG_WARN_EMPTY_BODY = YES;
				CLANG_WARN_ENUM_CONVERSION = YES;
				CLANG_WARN_INFINITE_RECURSION = YES;
				CLANG_WARN_INT_CONVERSION = YES;
				CLANG_WARN_NON_LITERAL_NULL_CONVERSION = YES;
				CLANG_WARN_OBJC_IMPLICIT_RETAIN_SELF = YES;
				CLANG_WARN_OBJC_LITERAL_CONVERSION = YES;
				CLANG_WARN_OBJC_ROOT_CLASS = YES_ERROR;
				CLANG_WARN_QUOTED_INCLUDE_IN_FRAMEWORK_HEADER = YES;
				CLANG_WARN_RANGE_LOOP_ANALYSIS = YES;
				CLANG_WARN_STRICT_PROTOTYPES = YES;
				CLANG_WARN_SUSPICIOUS_MOVE = YES;
				CLANG_WARN_UNGUARDED_AVAILABILITY = YES_AGGRESSIVE;
				CLANG_WARN_UNREACHABLE_CODE = YES;
				CLANG_WARN__DUPLICATE_METHOD_MATCH = YES;
				COPY_PHASE_STRIP = NO;
				DEBUG_INFORMATION_FORMAT = "dwarf-with-dsym";
				ENABLE_NS_ASSERTIONS = NO;
				ENABLE_STRICT_OBJC_MSGSEND = YES;
				GCC_C_LANGUAGE_STANDARD = gnu11;
				GCC_NO_COMMON_BLOCKS = YES;
				GCC_WARN_64_TO_32_BIT_CONVERSION = YES;
				GCC_WARN_ABOUT_RETURN_TYPE = YES_ERROR;
				GCC_WARN_UNDECLARED_SELECTOR = YES;
				GCC_WARN_UNINITIALIZED_AUTOS = YES_AGGRESSIVE;
				GCC_WARN_UNUSED_FUNCTION = YES;
				GCC_WARN_UNUSED_VARIABLE = YES;
				IPHONEOS_DEPLOYMENT_TARGET = 14.4;
				MTL_ENABLE_DEBUG_INFO = NO;
				MTL_FAST_MATH = YES;
				SDKROOT = iphoneos;
				SWIFT_COMPILATION_MODE = wholemodule;
				SWIFT_OPTIMIZATION_LEVEL = "-O";
				VALIDATE_PRODUCT = YES;
			};
			name = Release;
		};
		1BE2690C2683A2CB00144192 /* Debug */ = {
			isa = XCBuildConfiguration;
			buildSettings = {
				ASSETCATALOG_COMPILER_APPICON_NAME = AppIcon;
				ASSETCATALOG_COMPILER_GLOBAL_ACCENT_COLOR_NAME = AccentColor;
				CODE_SIGN_STYLE = Automatic;
				DEVELOPMENT_TEAM = QL482X5V8Y;
				INFOPLIST_FILE = "GORA-TestApp/Info.plist";
				LD_RUNPATH_SEARCH_PATHS = (
					"$(inherited)",
					"@executable_path/Frameworks",
				);
				PRODUCT_BUNDLE_IDENTIFIER = "panishev95.GORA-TestApp";
				PRODUCT_NAME = "$(TARGET_NAME)";
				SWIFT_VERSION = 5.0;
				TARGETED_DEVICE_FAMILY = "1,2";
			};
			name = Debug;
		};
		1BE2690D2683A2CB00144192 /* Release */ = {
			isa = XCBuildConfiguration;
			buildSettings = {
				ASSETCATALOG_COMPILER_APPICON_NAME = AppIcon;
				ASSETCATALOG_COMPILER_GLOBAL_ACCENT_COLOR_NAME = AccentColor;
				CODE_SIGN_STYLE = Automatic;
				DEVELOPMENT_TEAM = QL482X5V8Y;
				INFOPLIST_FILE = "GORA-TestApp/Info.plist";
				LD_RUNPATH_SEARCH_PATHS = (
					"$(inherited)",
					"@executable_path/Frameworks",
				);
				PRODUCT_BUNDLE_IDENTIFIER = "panishev95.GORA-TestApp";
				PRODUCT_NAME = "$(TARGET_NAME)";
				SWIFT_VERSION = 5.0;
				TARGETED_DEVICE_FAMILY = "1,2";
			};
			name = Release;
		};
/* End XCBuildConfiguration section */

/* Begin XCConfigurationList section */
		1BE268F22683A2CA00144192 /* Build configuration list for PBXProject "GORA-TestApp" */ = {
			isa = XCConfigurationList;
			buildConfigurations = (
				1BE269092683A2CB00144192 /* Debug */,
				1BE2690A2683A2CB00144192 /* Release */,
			);
			defaultConfigurationIsVisible = 0;
			defaultConfigurationName = Release;
		};
		1BE2690B2683A2CB00144192 /* Build configuration list for PBXNativeTarget "GORA-TestApp" */ = {
			isa = XCConfigurationList;
			buildConfigurations = (
				1BE2690C2683A2CB00144192 /* Debug */,
				1BE2690D2683A2CB00144192 /* Release */,
			);
			defaultConfigurationIsVisible = 0;
			defaultConfigurationName = Release;
		};
/* End XCConfigurationList section */
	};
	rootObject = 1BE268EF2683A2CA00144192 /* Project object */;
}
